
Microsoft Visual Studio Solution File, Format Version 12.00
# Visual Studio 15
Project("{FAE04EC0-301F-11D3-BF4B-00C04F79EFBC}") = "RollTheDice", "RollTheDice\RollTheDice.csproj", "{6E9073A5-BBC6-4C30-A5B6-3E446EC4C07D}"
EndProject
Global
	GlobalSection(SolutionConfigurationPlatforms) = preSolution
		Debug|Any CPU = Debug|Any CPU
		Release|Any CPU = Release|Any CPU
	EndGlobalSection
	GlobalSection(ProjectConfigurationPlatforms) = postSolution
		{6E9073A5-BBC6-4C30-A5B6-3E446EC4C07D}.Debug|Any CPU.ActiveCfg = Debug|Any CPU
		{6E9073A5-BBC6-4C30-A5B6-3E446EC4C07D}.Debug|Any CPU.Build.0 = Debug|Any CPU
		{6E9073A5-BBC6-4C30-A5B6-3E446EC4C07D}.Release|Any CPU.ActiveCfg = Release|Any CPU
		{6E9073A5-BBC6-4C30-A5B6-3E446EC4C07D}.Release|Any CPU.Build.0 = Release|Any CPU
	EndGlobalSection
EndGlobal
